// !$*UTF8*$!
{
	archiveVersion = 1;
	classes = {
	};
	objectVersion = 55;
	objects = {

/* Begin PBXBuildFile section */
		B7A5E3C92711A7E600E62A8E /* EventEntity.swift in Sources */ = {isa = PBXBuildFile; fileRef = B7A5E3C82711A7E600E62A8E /* EventEntity.swift */; };
		B7A5E3CF2711B5B300E62A8E /* DateHelper in Frameworks */ = {isa = PBXBuildFile; productRef = B7A5E3CE2711B5B300E62A8E /* DateHelper */; };
		B7A5E3D22711B62C00E62A8E /* Moya in Frameworks */ = {isa = PBXBuildFile; productRef = B7A5E3D12711B62C00E62A8E /* Moya */; };
		B7A5E3D62711CE2600E62A8E /* AppDIContainer.swift in Sources */ = {isa = PBXBuildFile; fileRef = B7A5E3D52711CE0F00E62A8E /* AppDIContainer.swift */; };
		B7A5E3D82711CE5900E62A8E /* EventsSceneDIContainer.swift in Sources */ = {isa = PBXBuildFile; fileRef = B7A5E3D72711CE5900E62A8E /* EventsSceneDIContainer.swift */; };
		B7A5E3DB2711D02700E62A8E /* Altertable.swift in Sources */ = {isa = PBXBuildFile; fileRef = B7A5E3DA2711D02700E62A8E /* Altertable.swift */; };
		B7A5E3DD2711D0BF00E62A8E /* StoryboardInstantiable.swift in Sources */ = {isa = PBXBuildFile; fileRef = B7A5E3DC2711D0BF00E62A8E /* StoryboardInstantiable.swift */; };
		B7A5E3DF2711DD1F00E62A8E /* AppFlowCoordinator.swift in Sources */ = {isa = PBXBuildFile; fileRef = B7A5E3DE2711DD1F00E62A8E /* AppFlowCoordinator.swift */; };
		B7A5E3E22711DFAC00E62A8E /* EventsListFlowCoordinator.swift in Sources */ = {isa = PBXBuildFile; fileRef = B7A5E3E12711DFAC00E62A8E /* EventsListFlowCoordinator.swift */; };
		CA9A43FA270C1BDA005B52AC /* GetEventsUseCase.swift in Sources */ = {isa = PBXBuildFile; fileRef = CA9A43F9270C1BDA005B52AC /* GetEventsUseCase.swift */; };
		CA9A43FD270C1C26005B52AC /* EventModel.swift in Sources */ = {isa = PBXBuildFile; fileRef = CA9A43FC270C1C26005B52AC /* EventModel.swift */; };
		CA9A43FF270C1D03005B52AC /* UseCaseError.swift in Sources */ = {isa = PBXBuildFile; fileRef = CA9A43FE270C1D03005B52AC /* UseCaseError.swift */; };
		CA9A4403270C1DBC005B52AC /* EventsProvider.swift in Sources */ = {isa = PBXBuildFile; fileRef = CA9A4402270C1DBC005B52AC /* EventsProvider.swift */; };
		CA9A4406270C1DFE005B52AC /* EventsService.swift in Sources */ = {isa = PBXBuildFile; fileRef = CA9A4405270C1DFE005B52AC /* EventsService.swift */; };
		CA9A440B270C1EA8005B52AC /* EventsProviderProtocol.swift in Sources */ = {isa = PBXBuildFile; fileRef = CA9A440A270C1EA8005B52AC /* EventsProviderProtocol.swift */; };
		CA9A440D270C1FC0005B52AC /* MoyaHelper.swift in Sources */ = {isa = PBXBuildFile; fileRef = CA9A440C270C1FC0005B52AC /* MoyaHelper.swift */; };
		CAAB5A8D270B41AE00E2F1CB /* AppDelegate.swift in Sources */ = {isa = PBXBuildFile; fileRef = CAAB5A8C270B41AE00E2F1CB /* AppDelegate.swift */; };
		CAAB5A8F270B41AE00E2F1CB /* SceneDelegate.swift in Sources */ = {isa = PBXBuildFile; fileRef = CAAB5A8E270B41AE00E2F1CB /* SceneDelegate.swift */; };
		CAAB5A91270B41AE00E2F1CB /* ViewController.swift in Sources */ = {isa = PBXBuildFile; fileRef = CAAB5A90270B41AE00E2F1CB /* ViewController.swift */; };
		CAAB5A94270B41AE00E2F1CB /* Main.storyboard in Resources */ = {isa = PBXBuildFile; fileRef = CAAB5A92270B41AE00E2F1CB /* Main.storyboard */; };
		CAAB5A96270B41B200E2F1CB /* Assets.xcassets in Resources */ = {isa = PBXBuildFile; fileRef = CAAB5A95270B41B200E2F1CB /* Assets.xcassets */; };
		CAAB5A99270B41B200E2F1CB /* LaunchScreen.storyboard in Resources */ = {isa = PBXBuildFile; fileRef = CAAB5A97270B41B200E2F1CB /* LaunchScreen.storyboard */; };
		CAAB5AA4270B430D00E2F1CB /* EventsListViewController.swift in Sources */ = {isa = PBXBuildFile; fileRef = CAAB5AA3270B430D00E2F1CB /* EventsListViewController.swift */; };
		CAAB5AA6270B431E00E2F1CB /* EventsListViewController.storyboard in Resources */ = {isa = PBXBuildFile; fileRef = CAAB5AA5270B431E00E2F1CB /* EventsListViewController.storyboard */; };
		CAAB5AA9270B435D00E2F1CB /* EventCell.swift in Sources */ = {isa = PBXBuildFile; fileRef = CAAB5AA8270B435D00E2F1CB /* EventCell.swift */; };
		CAAB5AAC270B43B000E2F1CB /* EventItemViewModel.swift in Sources */ = {isa = PBXBuildFile; fileRef = CAAB5AAB270B43B000E2F1CB /* EventItemViewModel.swift */; };
		CAAB5AAE270B43C100E2F1CB /* EventsListViewModel.swift in Sources */ = {isa = PBXBuildFile; fileRef = CAAB5AAD270B43C100E2F1CB /* EventsListViewModel.swift */; };
		CAAB5AB1270C183500E2F1CB /* Observable.swift in Sources */ = {isa = PBXBuildFile; fileRef = CAAB5AB0270C183500E2F1CB /* Observable.swift */; };
/* End PBXBuildFile section */

/* Begin PBXFileReference section */
		B7A5E3C82711A7E600E62A8E /* EventEntity.swift */ = {isa = PBXFileReference; lastKnownFileType = sourcecode.swift; path = EventEntity.swift; sourceTree = "<group>"; };
		B7A5E3D52711CE0F00E62A8E /* AppDIContainer.swift */ = {isa = PBXFileReference; lastKnownFileType = sourcecode.swift; path = AppDIContainer.swift; sourceTree = "<group>"; };
		B7A5E3D72711CE5900E62A8E /* EventsSceneDIContainer.swift */ = {isa = PBXFileReference; lastKnownFileType = sourcecode.swift; path = EventsSceneDIContainer.swift; sourceTree = "<group>"; };
		B7A5E3DA2711D02700E62A8E /* Altertable.swift */ = {isa = PBXFileReference; lastKnownFileType = sourcecode.swift; path = Altertable.swift; sourceTree = "<group>"; };
		B7A5E3DC2711D0BF00E62A8E /* StoryboardInstantiable.swift */ = {isa = PBXFileReference; lastKnownFileType = sourcecode.swift; path = StoryboardInstantiable.swift; sourceTree = "<group>"; };
		B7A5E3DE2711DD1F00E62A8E /* AppFlowCoordinator.swift */ = {isa = PBXFileReference; lastKnownFileType = sourcecode.swift; path = AppFlowCoordinator.swift; sourceTree = "<group>"; };
		B7A5E3E12711DFAC00E62A8E /* EventsListFlowCoordinator.swift */ = {isa = PBXFileReference; lastKnownFileType = sourcecode.swift; path = EventsListFlowCoordinator.swift; sourceTree = "<group>"; };
		CA9A43F9270C1BDA005B52AC /* GetEventsUseCase.swift */ = {isa = PBXFileReference; lastKnownFileType = sourcecode.swift; path = GetEventsUseCase.swift; sourceTree = "<group>"; };
		CA9A43FC270C1C26005B52AC /* EventModel.swift */ = {isa = PBXFileReference; lastKnownFileType = sourcecode.swift; path = EventModel.swift; sourceTree = "<group>"; };
		CA9A43FE270C1D03005B52AC /* UseCaseError.swift */ = {isa = PBXFileReference; lastKnownFileType = sourcecode.swift; path = UseCaseError.swift; sourceTree = "<group>"; };
		CA9A4402270C1DBC005B52AC /* EventsProvider.swift */ = {isa = PBXFileReference; lastKnownFileType = sourcecode.swift; path = EventsProvider.swift; sourceTree = "<group>"; };
		CA9A4405270C1DFE005B52AC /* EventsService.swift */ = {isa = PBXFileReference; lastKnownFileType = sourcecode.swift; path = EventsService.swift; sourceTree = "<group>"; };
		CA9A440A270C1EA8005B52AC /* EventsProviderProtocol.swift */ = {isa = PBXFileReference; lastKnownFileType = sourcecode.swift; path = EventsProviderProtocol.swift; sourceTree = "<group>"; };
		CA9A440C270C1FC0005B52AC /* MoyaHelper.swift */ = {isa = PBXFileReference; lastKnownFileType = sourcecode.swift; path = MoyaHelper.swift; sourceTree = "<group>"; };
		CAAB5A89270B41AE00E2F1CB /* AirHolland.app */ = {isa = PBXFileReference; explicitFileType = wrapper.application; includeInIndex = 0; path = AirHolland.app; sourceTree = BUILT_PRODUCTS_DIR; };
		CAAB5A8C270B41AE00E2F1CB /* AppDelegate.swift */ = {isa = PBXFileReference; lastKnownFileType = sourcecode.swift; path = AppDelegate.swift; sourceTree = "<group>"; };
		CAAB5A8E270B41AE00E2F1CB /* SceneDelegate.swift */ = {isa = PBXFileReference; lastKnownFileType = sourcecode.swift; path = SceneDelegate.swift; sourceTree = "<group>"; };
		CAAB5A90270B41AE00E2F1CB /* ViewController.swift */ = {isa = PBXFileReference; lastKnownFileType = sourcecode.swift; path = ViewController.swift; sourceTree = "<group>"; };
		CAAB5A93270B41AE00E2F1CB /* Base */ = {isa = PBXFileReference; lastKnownFileType = file.storyboard; name = Base; path = Base.lproj/Main.storyboard; sourceTree = "<group>"; };
		CAAB5A95270B41B200E2F1CB /* Assets.xcassets */ = {isa = PBXFileReference; lastKnownFileType = folder.assetcatalog; path = Assets.xcassets; sourceTree = "<group>"; };
		CAAB5A98270B41B200E2F1CB /* Base */ = {isa = PBXFileReference; lastKnownFileType = file.storyboard; name = Base; path = Base.lproj/LaunchScreen.storyboard; sourceTree = "<group>"; };
		CAAB5A9A270B41B200E2F1CB /* Info.plist */ = {isa = PBXFileReference; lastKnownFileType = text.plist.xml; path = Info.plist; sourceTree = "<group>"; };
		CAAB5AA3270B430D00E2F1CB /* EventsListViewController.swift */ = {isa = PBXFileReference; lastKnownFileType = sourcecode.swift; path = EventsListViewController.swift; sourceTree = "<group>"; };
		CAAB5AA5270B431E00E2F1CB /* EventsListViewController.storyboard */ = {isa = PBXFileReference; lastKnownFileType = file.storyboard; path = EventsListViewController.storyboard; sourceTree = "<group>"; };
		CAAB5AA8270B435D00E2F1CB /* EventCell.swift */ = {isa = PBXFileReference; lastKnownFileType = sourcecode.swift; path = EventCell.swift; sourceTree = "<group>"; };
		CAAB5AAB270B43B000E2F1CB /* EventItemViewModel.swift */ = {isa = PBXFileReference; lastKnownFileType = sourcecode.swift; path = EventItemViewModel.swift; sourceTree = "<group>"; };
		CAAB5AAD270B43C100E2F1CB /* EventsListViewModel.swift */ = {isa = PBXFileReference; lastKnownFileType = sourcecode.swift; path = EventsListViewModel.swift; sourceTree = "<group>"; };
		CAAB5AB0270C183500E2F1CB /* Observable.swift */ = {isa = PBXFileReference; lastKnownFileType = sourcecode.swift; path = Observable.swift; sourceTree = "<group>"; };
/* End PBXFileReference section */

/* Begin PBXFrameworksBuildPhase section */
		CAAB5A86270B41AE00E2F1CB /* Frameworks */ = {
			isa = PBXFrameworksBuildPhase;
			buildActionMask = 2147483647;
			files = (
				B7A5E3D22711B62C00E62A8E /* Moya in Frameworks */,
				B7A5E3CF2711B5B300E62A8E /* DateHelper in Frameworks */,
			);
			runOnlyForDeploymentPostprocessing = 0;
		};
/* End PBXFrameworksBuildPhase section */

/* Begin PBXGroup section */
		B7A5E3C72711A7CD00E62A8E /* Entities */ = {
			isa = PBXGroup;
			children = (
				B7A5E3C82711A7E600E62A8E /* EventEntity.swift */,
			);
			path = Entities;
			sourceTree = "<group>";
		};
		B7A5E3D32711CDE000E62A8E /* Application */ = {
			isa = PBXGroup;
			children = (
				B7A5E3D42711CDEA00E62A8E /* DIContainer */,
				B7A5E3DE2711DD1F00E62A8E /* AppFlowCoordinator.swift */,
			);
			path = Application;
			sourceTree = "<group>";
		};
		B7A5E3D42711CDEA00E62A8E /* DIContainer */ = {
			isa = PBXGroup;
			children = (
				B7A5E3D52711CE0F00E62A8E /* AppDIContainer.swift */,
				B7A5E3D72711CE5900E62A8E /* EventsSceneDIContainer.swift */,
			);
			path = DIContainer;
			sourceTree = "<group>";
		};
		B7A5E3D92711D01A00E62A8E /* Protocols */ = {
			isa = PBXGroup;
			children = (
				B7A5E3DA2711D02700E62A8E /* Altertable.swift */,
				B7A5E3DC2711D0BF00E62A8E /* StoryboardInstantiable.swift */,
			);
			path = Protocols;
			sourceTree = "<group>";
		};
		B7A5E3E02711DF9500E62A8E /* Flows */ = {
			isa = PBXGroup;
			children = (
				B7A5E3E12711DFAC00E62A8E /* EventsListFlowCoordinator.swift */,
			);
			path = Flows;
			sourceTree = "<group>";
		};
		CA9A43FB270C1C15005B52AC /* Models */ = {
			isa = PBXGroup;
			children = (
				CA9A43FC270C1C26005B52AC /* EventModel.swift */,
			);
			path = Models;
			sourceTree = "<group>";
		};
		CA9A4400270C1D87005B52AC /* Data */ = {
			isa = PBXGroup;
			children = (
				B7A5E3C72711A7CD00E62A8E /* Entities */,
				CA9A4404270C1DC7005B52AC /* Services */,
				CA9A4401270C1D99005B52AC /* Providers */,
			);
			path = Data;
			sourceTree = "<group>";
		};
		CA9A4401270C1D99005B52AC /* Providers */ = {
			isa = PBXGroup;
			children = (
				CA9A4402270C1DBC005B52AC /* EventsProvider.swift */,
			);
			path = Providers;
			sourceTree = "<group>";
		};
		CA9A4404270C1DC7005B52AC /* Services */ = {
			isa = PBXGroup;
			children = (
				CA9A4405270C1DFE005B52AC /* EventsService.swift */,
				CA9A440C270C1FC0005B52AC /* MoyaHelper.swift */,
			);
			path = Services;
			sourceTree = "<group>";
		};
		CA9A4408270C1E86005B52AC /* Interfaces */ = {
			isa = PBXGroup;
			children = (
				CA9A4409270C1E8D005B52AC /* Repositories */,
			);
			path = Interfaces;
			sourceTree = "<group>";
		};
		CA9A4409270C1E8D005B52AC /* Repositories */ = {
			isa = PBXGroup;
			children = (
				CA9A440A270C1EA8005B52AC /* EventsProviderProtocol.swift */,
			);
			path = Repositories;
			sourceTree = "<group>";
		};
		CAAB5A80270B41AE00E2F1CB = {
			isa = PBXGroup;
			children = (
				CAAB5A8B270B41AE00E2F1CB /* AirHolland */,
				CAAB5A8A270B41AE00E2F1CB /* Products */,
			);
			sourceTree = "<group>";
		};
		CAAB5A8A270B41AE00E2F1CB /* Products */ = {
			isa = PBXGroup;
			children = (
				CAAB5A89270B41AE00E2F1CB /* AirHolland.app */,
			);
			name = Products;
			sourceTree = "<group>";
		};
		CAAB5A8B270B41AE00E2F1CB /* AirHolland */ = {
			isa = PBXGroup;
			children = (
				B7A5E3D32711CDE000E62A8E /* Application */,
				CA9A4400270C1D87005B52AC /* Data */,
				CAAB5AB2270C1AC000E2F1CB /* Domain */,
				CAAB5AA0270B421300E2F1CB /* Presentation */,
				CAAB5A8C270B41AE00E2F1CB /* AppDelegate.swift */,
				CAAB5A8E270B41AE00E2F1CB /* SceneDelegate.swift */,
				CAAB5A90270B41AE00E2F1CB /* ViewController.swift */,
				CAAB5A92270B41AE00E2F1CB /* Main.storyboard */,
				CAAB5A95270B41B200E2F1CB /* Assets.xcassets */,
				CAAB5A97270B41B200E2F1CB /* LaunchScreen.storyboard */,
				CAAB5A9A270B41B200E2F1CB /* Info.plist */,
			);
			path = AirHolland;
			sourceTree = "<group>";
		};
		CAAB5AA0270B421300E2F1CB /* Presentation */ = {
			isa = PBXGroup;
			children = (
				CAAB5AAF270C182400E2F1CB /* Utils */,
				CAAB5AA1270B421F00E2F1CB /* EventsList */,
			);
			path = Presentation;
			sourceTree = "<group>";
		};
		CAAB5AA1270B421F00E2F1CB /* EventsList */ = {
			isa = PBXGroup;
			children = (
				B7A5E3E02711DF9500E62A8E /* Flows */,
				CAAB5AAA270B438500E2F1CB /* ViewModel */,
				CAAB5AA2270B42D100E2F1CB /* View */,
			);
			path = EventsList;
			sourceTree = "<group>";
		};
		CAAB5AA2270B42D100E2F1CB /* View */ = {
			isa = PBXGroup;
			children = (
				CAAB5AA7270B433400E2F1CB /* Cell */,
				CAAB5AA3270B430D00E2F1CB /* EventsListViewController.swift */,
				CAAB5AA5270B431E00E2F1CB /* EventsListViewController.storyboard */,
			);
			path = View;
			sourceTree = "<group>";
		};
		CAAB5AA7270B433400E2F1CB /* Cell */ = {
			isa = PBXGroup;
			children = (
				CAAB5AA8270B435D00E2F1CB /* EventCell.swift */,
			);
			path = Cell;
			sourceTree = "<group>";
		};
		CAAB5AAA270B438500E2F1CB /* ViewModel */ = {
			isa = PBXGroup;
			children = (
				CAAB5AAB270B43B000E2F1CB /* EventItemViewModel.swift */,
				CAAB5AAD270B43C100E2F1CB /* EventsListViewModel.swift */,
			);
			path = ViewModel;
			sourceTree = "<group>";
		};
		CAAB5AAF270C182400E2F1CB /* Utils */ = {
			isa = PBXGroup;
			children = (
				B7A5E3D92711D01A00E62A8E /* Protocols */,
				CAAB5AB0270C183500E2F1CB /* Observable.swift */,
			);
			path = Utils;
			sourceTree = "<group>";
		};
		CAAB5AB2270C1AC000E2F1CB /* Domain */ = {
			isa = PBXGroup;
			children = (
				CA9A4408270C1E86005B52AC /* Interfaces */,
				CA9A43FB270C1C15005B52AC /* Models */,
				CAAB5AB3270C1AE400E2F1CB /* UseCases */,
			);
			path = Domain;
			sourceTree = "<group>";
		};
		CAAB5AB3270C1AE400E2F1CB /* UseCases */ = {
			isa = PBXGroup;
			children = (
				CA9A43F9270C1BDA005B52AC /* GetEventsUseCase.swift */,
				CA9A43FE270C1D03005B52AC /* UseCaseError.swift */,
			);
			path = UseCases;
			sourceTree = "<group>";
		};
/* End PBXGroup section */

/* Begin PBXNativeTarget section */
		CAAB5A88270B41AE00E2F1CB /* AirHolland */ = {
			isa = PBXNativeTarget;
			buildConfigurationList = CAAB5A9D270B41B200E2F1CB /* Build configuration list for PBXNativeTarget "AirHolland" */;
			buildPhases = (
				CAAB5A85270B41AE00E2F1CB /* Sources */,
				CAAB5A86270B41AE00E2F1CB /* Frameworks */,
				CAAB5A87270B41AE00E2F1CB /* Resources */,
			);
			buildRules = (
			);
			dependencies = (
			);
			name = AirHolland;
			packageProductDependencies = (
				B7A5E3CE2711B5B300E62A8E /* DateHelper */,
				B7A5E3D12711B62C00E62A8E /* Moya */,
			);
			productName = AirHolland;
			productReference = CAAB5A89270B41AE00E2F1CB /* AirHolland.app */;
			productType = "com.apple.product-type.application";
		};
/* End PBXNativeTarget section */

/* Begin PBXProject section */
		CAAB5A81270B41AE00E2F1CB /* Project object */ = {
			isa = PBXProject;
			attributes = {
				BuildIndependentTargetsInParallel = 1;
				LastSwiftUpdateCheck = 1300;
				LastUpgradeCheck = 1300;
				TargetAttributes = {
					CAAB5A88270B41AE00E2F1CB = {
						CreatedOnToolsVersion = 13.0;
					};
				};
			};
			buildConfigurationList = CAAB5A84270B41AE00E2F1CB /* Build configuration list for PBXProject "AirHolland" */;
			compatibilityVersion = "Xcode 13.0";
			developmentRegion = en;
			hasScannedForEncodings = 0;
			knownRegions = (
				en,
				Base,
			);
			mainGroup = CAAB5A80270B41AE00E2F1CB;
			packageReferences = (
				B7A5E3CD2711B5B300E62A8E /* XCRemoteSwiftPackageReference "DateHelper" */,
				B7A5E3D02711B62C00E62A8E /* XCRemoteSwiftPackageReference "Moya" */,
			);
			productRefGroup = CAAB5A8A270B41AE00E2F1CB /* Products */;
			projectDirPath = "";
			projectRoot = "";
			targets = (
				CAAB5A88270B41AE00E2F1CB /* AirHolland */,
			);
		};
/* End PBXProject section */

/* Begin PBXResourcesBuildPhase section */
		CAAB5A87270B41AE00E2F1CB /* Resources */ = {
			isa = PBXResourcesBuildPhase;
			buildActionMask = 2147483647;
			files = (
				CAAB5A99270B41B200E2F1CB /* LaunchScreen.storyboard in Resources */,
				CAAB5AA6270B431E00E2F1CB /* EventsListViewController.storyboard in Resources */,
				CAAB5A96270B41B200E2F1CB /* Assets.xcassets in Resources */,
				CAAB5A94270B41AE00E2F1CB /* Main.storyboard in Resources */,
			);
			runOnlyForDeploymentPostprocessing = 0;
		};
/* End PBXResourcesBuildPhase section */

/* Begin PBXSourcesBuildPhase section */
		CAAB5A85270B41AE00E2F1CB /* Sources */ = {
			isa = PBXSourcesBuildPhase;
			buildActionMask = 2147483647;
			files = (
				CA9A43FA270C1BDA005B52AC /* GetEventsUseCase.swift in Sources */,
				B7A5E3E22711DFAC00E62A8E /* EventsListFlowCoordinator.swift in Sources */,
				CAAB5AB1270C183500E2F1CB /* Observable.swift in Sources */,
				B7A5E3DD2711D0BF00E62A8E /* StoryboardInstantiable.swift in Sources */,
				B7A5E3D82711CE5900E62A8E /* EventsSceneDIContainer.swift in Sources */,
				CAAB5AAC270B43B000E2F1CB /* EventItemViewModel.swift in Sources */,
				CA9A440B270C1EA8005B52AC /* EventsProviderProtocol.swift in Sources */,
				CA9A440D270C1FC0005B52AC /* MoyaHelper.swift in Sources */,
				CAAB5A91270B41AE00E2F1CB /* ViewController.swift in Sources */,
				CAAB5AA4270B430D00E2F1CB /* EventsListViewController.swift in Sources */,
				CAAB5AA9270B435D00E2F1CB /* EventCell.swift in Sources */,
				B7A5E3DF2711DD1F00E62A8E /* AppFlowCoordinator.swift in Sources */,
				B7A5E3DB2711D02700E62A8E /* Altertable.swift in Sources */,
				CAAB5A8D270B41AE00E2F1CB /* AppDelegate.swift in Sources */,
				CAAB5AAE270B43C100E2F1CB /* EventsListViewModel.swift in Sources */,
				CA9A4406270C1DFE005B52AC /* EventsService.swift in Sources */,
				B7A5E3D62711CE2600E62A8E /* AppDIContainer.swift in Sources */,
				B7A5E3C92711A7E600E62A8E /* EventEntity.swift in Sources */,
				CA9A43FD270C1C26005B52AC /* EventModel.swift in Sources */,
				CAAB5A8F270B41AE00E2F1CB /* SceneDelegate.swift in Sources */,
				CA9A43FF270C1D03005B52AC /* UseCaseError.swift in Sources */,
				CA9A4403270C1DBC005B52AC /* EventsProvider.swift in Sources */,
			);
			runOnlyForDeploymentPostprocessing = 0;
		};
/* End PBXSourcesBuildPhase section */

/* Begin PBXVariantGroup section */
		CAAB5A92270B41AE00E2F1CB /* Main.storyboard */ = {
			isa = PBXVariantGroup;
			children = (
				CAAB5A93270B41AE00E2F1CB /* Base */,
			);
			name = Main.storyboard;
			sourceTree = "<group>";
		};
		CAAB5A97270B41B200E2F1CB /* LaunchScreen.storyboard */ = {
			isa = PBXVariantGroup;
			children = (
				CAAB5A98270B41B200E2F1CB /* Base */,
			);
			name = LaunchScreen.storyboard;
			sourceTree = "<group>";
		};
/* End PBXVariantGroup section */

/* Begin XCBuildConfiguration section */
		CAAB5A9B270B41B200E2F1CB /* Debug */ = {
			isa = XCBuildConfiguration;
			buildSettings = {
				ALWAYS_SEARCH_USER_PATHS = NO;
				CLANG_ANALYZER_NONNULL = YES;
				CLANG_ANALYZER_NUMBER_OBJECT_CONVERSION = YES_AGGRESSIVE;
				CLANG_CXX_LANGUAGE_STANDARD = "gnu++17";
				CLANG_CXX_LIBRARY = "libc++";
				CLANG_ENABLE_MODULES = YES;
				CLANG_ENABLE_OBJC_ARC = YES;
				CLANG_ENABLE_OBJC_WEAK = YES;
				CLANG_WARN_BLOCK_CAPTURE_AUTORELEASING = YES;
				CLANG_WARN_BOOL_CONVERSION = YES;
				CLANG_WARN_COMMA = YES;
				CLANG_WARN_CONSTANT_CONVERSION = YES;
				CLANG_WARN_DEPRECATED_OBJC_IMPLEMENTATIONS = YES;
				CLANG_WARN_DIRECT_OBJC_ISA_USAGE = YES_ERROR;
				CLANG_WARN_DOCUMENTATION_COMMENTS = YES;
				CLANG_WARN_EMPTY_BODY = YES;
				CLANG_WARN_ENUM_CONVERSION = YES;
				CLANG_WARN_INFINITE_RECURSION = YES;
				CLANG_WARN_INT_CONVERSION = YES;
				CLANG_WARN_NON_LITERAL_NULL_CONVERSION = YES;
				CLANG_WARN_OBJC_IMPLICIT_RETAIN_SELF = YES;
				CLANG_WARN_OBJC_LITERAL_CONVERSION = YES;
				CLANG_WARN_OBJC_ROOT_CLASS = YES_ERROR;
				CLANG_WARN_QUOTED_INCLUDE_IN_FRAMEWORK_HEADER = YES;
				CLANG_WARN_RANGE_LOOP_ANALYSIS = YES;
				CLANG_WARN_STRICT_PROTOTYPES = YES;
				CLANG_WARN_SUSPICIOUS_MOVE = YES;
				CLANG_WARN_UNGUARDED_AVAILABILITY = YES_AGGRESSIVE;
				CLANG_WARN_UNREACHABLE_CODE = YES;
				CLANG_WARN__DUPLICATE_METHOD_MATCH = YES;
				COPY_PHASE_STRIP = NO;
				DEBUG_INFORMATION_FORMAT = dwarf;
				ENABLE_STRICT_OBJC_MSGSEND = YES;
				ENABLE_TESTABILITY = YES;
				GCC_C_LANGUAGE_STANDARD = gnu11;
				GCC_DYNAMIC_NO_PIC = NO;
				GCC_NO_COMMON_BLOCKS = YES;
				GCC_OPTIMIZATION_LEVEL = 0;
				GCC_PREPROCESSOR_DEFINITIONS = (
					"DEBUG=1",
					"$(inherited)",
				);
				GCC_WARN_64_TO_32_BIT_CONVERSION = YES;
				GCC_WARN_ABOUT_RETURN_TYPE = YES_ERROR;
				GCC_WARN_UNDECLARED_SELECTOR = YES;
				GCC_WARN_UNINITIALIZED_AUTOS = YES_AGGRESSIVE;
				GCC_WARN_UNUSED_FUNCTION = YES;
				GCC_WARN_UNUSED_VARIABLE = YES;
				IPHONEOS_DEPLOYMENT_TARGET = 15.0;
				MTL_ENABLE_DEBUG_INFO = INCLUDE_SOURCE;
				MTL_FAST_MATH = YES;
				ONLY_ACTIVE_ARCH = YES;
				SDKROOT = iphoneos;
				SWIFT_ACTIVE_COMPILATION_CONDITIONS = DEBUG;
				SWIFT_OPTIMIZATION_LEVEL = "-Onone";
			};
			name = Debug;
		};
		CAAB5A9C270B41B200E2F1CB /* Release */ = {
			isa = XCBuildConfiguration;
			buildSettings = {
				ALWAYS_SEARCH_USER_PATHS = NO;
				CLANG_ANALYZER_NONNULL = YES;
				CLANG_ANALYZER_NUMBER_OBJECT_CONVERSION = YES_AGGRESSIVE;
				CLANG_CXX_LANGUAGE_STANDARD = "gnu++17";
				CLANG_CXX_LIBRARY = "libc++";
				CLANG_ENABLE_MODULES = YES;
				CLANG_ENABLE_OBJC_ARC = YES;
				CLANG_ENABLE_OBJC_WEAK = YES;
				CLANG_WARN_BLOCK_CAPTURE_AUTORELEASING = YES;
				CLANG_WARN_BOOL_CONVERSION = YES;
				CLANG_WARN_COMMA = YES;
				CLANG_WARN_CONSTANT_CONVERSION = YES;
				CLANG_WARN_DEPRECATED_OBJC_IMPLEMENTATIONS = YES;
				CLANG_WARN_DIRECT_OBJC_ISA_USAGE = YES_ERROR;
				CLANG_WARN_DOCUMENTATION_COMMENTS = YES;
				CLANG_WARN_EMPTY_BODY = YES;
				CLANG_WARN_ENUM_CONVERSION = YES;
				CLANG_WARN_INFINITE_RECURSION = YES;
				CLANG_WARN_INT_CONVERSION = YES;
				CLANG_WARN_NON_LITERAL_NULL_CONVERSION = YES;
				CLANG_WARN_OBJC_IMPLICIT_RETAIN_SELF = YES;
				CLANG_WARN_OBJC_LITERAL_CONVERSION = YES;
				CLANG_WARN_OBJC_ROOT_CLASS = YES_ERROR;
				CLANG_WARN_QUOTED_INCLUDE_IN_FRAMEWORK_HEADER = YES;
				CLANG_WARN_RANGE_LOOP_ANALYSIS = YES;
				CLANG_WARN_STRICT_PROTOTYPES = YES;
				CLANG_WARN_SUSPICIOUS_MOVE = YES;
				CLANG_WARN_UNGUARDED_AVAILABILITY = YES_AGGRESSIVE;
				CLANG_WARN_UNREACHABLE_CODE = YES;
				CLANG_WARN__DUPLICATE_METHOD_MATCH = YES;
				COPY_PHASE_STRIP = NO;
				DEBUG_INFORMATION_FORMAT = "dwarf-with-dsym";
				ENABLE_NS_ASSERTIONS = NO;
				ENABLE_STRICT_OBJC_MSGSEND = YES;
				GCC_C_LANGUAGE_STANDARD = gnu11;
				GCC_NO_COMMON_BLOCKS = YES;
				GCC_WARN_64_TO_32_BIT_CONVERSION = YES;
				GCC_WARN_ABOUT_RETURN_TYPE = YES_ERROR;
				GCC_WARN_UNDECLARED_SELECTOR = YES;
				GCC_WARN_UNINITIALIZED_AUTOS = YES_AGGRESSIVE;
				GCC_WARN_UNUSED_FUNCTION = YES;
				GCC_WARN_UNUSED_VARIABLE = YES;
				IPHONEOS_DEPLOYMENT_TARGET = 15.0;
				MTL_ENABLE_DEBUG_INFO = NO;
				MTL_FAST_MATH = YES;
				SDKROOT = iphoneos;
				SWIFT_COMPILATION_MODE = wholemodule;
				SWIFT_OPTIMIZATION_LEVEL = "-O";
				VALIDATE_PRODUCT = YES;
			};
			name = Release;
		};
		CAAB5A9E270B41B200E2F1CB /* Debug */ = {
			isa = XCBuildConfiguration;
			buildSettings = {
				ASSETCATALOG_COMPILER_APPICON_NAME = AppIcon;
				ASSETCATALOG_COMPILER_GLOBAL_ACCENT_COLOR_NAME = AccentColor;
				CODE_SIGN_STYLE = Automatic;
				CURRENT_PROJECT_VERSION = 1;
				GENERATE_INFOPLIST_FILE = YES;
				INFOPLIST_FILE = AirHolland/Info.plist;
				INFOPLIST_KEY_UIApplicationSupportsIndirectInputEvents = YES;
				INFOPLIST_KEY_UILaunchStoryboardName = LaunchScreen;
				INFOPLIST_KEY_UIMainStoryboardFile = Main;
				INFOPLIST_KEY_UISupportedInterfaceOrientations_iPad = "UIInterfaceOrientationPortrait UIInterfaceOrientationPortraitUpsideDown UIInterfaceOrientationLandscapeLeft UIInterfaceOrientationLandscapeRight";
				INFOPLIST_KEY_UISupportedInterfaceOrientations_iPhone = "UIInterfaceOrientationPortrait UIInterfaceOrientationLandscapeLeft UIInterfaceOrientationLandscapeRight";
				LD_RUNPATH_SEARCH_PATHS = (
					"$(inherited)",
					"@executable_path/Frameworks",
				);
				MARKETING_VERSION = 1.0;
				PRODUCT_BUNDLE_IDENTIFIER = "Atul-Ghorpade.AirHolland";
				PRODUCT_NAME = "$(TARGET_NAME)";
				SWIFT_EMIT_LOC_STRINGS = YES;
				SWIFT_VERSION = 5.0;
				TARGETED_DEVICE_FAMILY = "1,2";
			};
			name = Debug;
		};
		CAAB5A9F270B41B200E2F1CB /* Release */ = {
			isa = XCBuildConfiguration;
			buildSettings = {
				ASSETCATALOG_COMPILER_APPICON_NAME = AppIcon;
				ASSETCATALOG_COMPILER_GLOBAL_ACCENT_COLOR_NAME = AccentColor;
				CODE_SIGN_STYLE = Automatic;
				CURRENT_PROJECT_VERSION = 1;
				GENERATE_INFOPLIST_FILE = YES;
				INFOPLIST_FILE = AirHolland/Info.plist;
				INFOPLIST_KEY_UIApplicationSupportsIndirectInputEvents = YES;
				INFOPLIST_KEY_UILaunchStoryboardName = LaunchScreen;
				INFOPLIST_KEY_UIMainStoryboardFile = Main;
				INFOPLIST_KEY_UISupportedInterfaceOrientations_iPad = "UIInterfaceOrientationPortrait UIInterfaceOrientationPortraitUpsideDown UIInterfaceOrientationLandscapeLeft UIInterfaceOrientationLandscapeRight";
				INFOPLIST_KEY_UISupportedInterfaceOrientations_iPhone = "UIInterfaceOrientationPortrait UIInterfaceOrientationLandscapeLeft UIInterfaceOrientationLandscapeRight";
				LD_RUNPATH_SEARCH_PATHS = (
					"$(inherited)",
					"@executable_path/Frameworks",
				);
				MARKETING_VERSION = 1.0;
				PRODUCT_BUNDLE_IDENTIFIER = "Atul-Ghorpade.AirHolland";
				PRODUCT_NAME = "$(TARGET_NAME)";
				SWIFT_EMIT_LOC_STRINGS = YES;
				SWIFT_VERSION = 5.0;
				TARGETED_DEVICE_FAMILY = "1,2";
			};
			name = Release;
		};
/* End XCBuildConfiguration section */

/* Begin XCConfigurationList section */
		CAAB5A84270B41AE00E2F1CB /* Build configuration list for PBXProject "AirHolland" */ = {
			isa = XCConfigurationList;
			buildConfigurations = (
				CAAB5A9B270B41B200E2F1CB /* Debug */,
				CAAB5A9C270B41B200E2F1CB /* Release */,
			);
			defaultConfigurationIsVisible = 0;
			defaultConfigurationName = Release;
		};
		CAAB5A9D270B41B200E2F1CB /* Build configuration list for PBXNativeTarget "AirHolland" */ = {
			isa = XCConfigurationList;
			buildConfigurations = (
				CAAB5A9E270B41B200E2F1CB /* Debug */,
				CAAB5A9F270B41B200E2F1CB /* Release */,
			);
			defaultConfigurationIsVisible = 0;
			defaultConfigurationName = Release;
		};
/* End XCConfigurationList section */

/* Begin XCRemoteSwiftPackageReference section */
		B7A5E3CD2711B5B300E62A8E /* XCRemoteSwiftPackageReference "DateHelper" */ = {
			isa = XCRemoteSwiftPackageReference;
			repositoryURL = "https://github.com/melvitax/DateHelper";
			requirement = {
				branch = master;
				kind = branch;
			};
		};
		B7A5E3D02711B62C00E62A8E /* XCRemoteSwiftPackageReference "Moya" */ = {
			isa = XCRemoteSwiftPackageReference;
			repositoryURL = "https://github.com/Moya/Moya";
			requirement = {
				branch = master;
				kind = branch;
			};
		};
/* End XCRemoteSwiftPackageReference section */

/* Begin XCSwiftPackageProductDependency section */
		B7A5E3CE2711B5B300E62A8E /* DateHelper */ = {
			isa = XCSwiftPackageProductDependency;
			package = B7A5E3CD2711B5B300E62A8E /* XCRemoteSwiftPackageReference "DateHelper" */;
			productName = DateHelper;
		};
		B7A5E3D12711B62C00E62A8E /* Moya */ = {
			isa = XCSwiftPackageProductDependency;
			package = B7A5E3D02711B62C00E62A8E /* XCRemoteSwiftPackageReference "Moya" */;
			productName = Moya;
		};
/* End XCSwiftPackageProductDependency section */
	};
	rootObject = CAAB5A81270B41AE00E2F1CB /* Project object */;
}
